// !$*UTF8*$!
{
	archiveVersion = 1;
	classes = {
	};
	objectVersion = 55;
	objects = {

/* Begin PBXBuildFile section */
		1D0BBAC7293D43DD007A9CF1 /* EditFolderNameViewController.swift in Sources */ = {isa = PBXBuildFile; fileRef = 1D0BBAC6293D43DD007A9CF1 /* EditFolderNameViewController.swift */; };
		1D9AE7B9291C0B4A00134017 /* EzPopup in Frameworks */ = {isa = PBXBuildFile; productRef = 1D9AE7B8291C0B4A00134017 /* EzPopup */; };
		1D9AE7BB291C0BFC00134017 /* PopUpViewController.swift in Sources */ = {isa = PBXBuildFile; fileRef = 1D9AE7BA291C0BFC00134017 /* PopUpViewController.swift */; };
		1DA79FBE2915E36D00B9B6CC /* LibraryTableViewCell.swift in Sources */ = {isa = PBXBuildFile; fileRef = 1DA79FBD2915E36D00B9B6CC /* LibraryTableViewCell.swift */; };
		1DA79FC02915E3D700B9B6CC /* DisplayView.swift in Sources */ = {isa = PBXBuildFile; fileRef = 1DA79FBF2915E3D700B9B6CC /* DisplayView.swift */; };
		1DA79FC22917F77700B9B6CC /* ReusableValues.swift in Sources */ = {isa = PBXBuildFile; fileRef = 1DA79FC12917F77700B9B6CC /* ReusableValues.swift */; };
		2D647318293D3B3E003AA8F7 /* EditViewController.swift in Sources */ = {isa = PBXBuildFile; fileRef = 2D647317293D3B3E003AA8F7 /* EditViewController.swift */; };
		2D64731A293D4657003AA8F7 /* EditScribbleViewController.swift in Sources */ = {isa = PBXBuildFile; fileRef = 2D647319293D4657003AA8F7 /* EditScribbleViewController.swift */; };
		2D7D748329392B1200597656 /* ScribbleViewController.swift in Sources */ = {isa = PBXBuildFile; fileRef = 2D7D748229392B1200597656 /* ScribbleViewController.swift */; };
		451AC22E2913260E00178F9E /* CardEditViewController.swift in Sources */ = {isa = PBXBuildFile; fileRef = 451AC22D2913260E00178F9E /* CardEditViewController.swift */; };
		451AC230291337C300178F9E /* FlashCard.swift in Sources */ = {isa = PBXBuildFile; fileRef = 451AC22F291337C300178F9E /* FlashCard.swift */; };
		451AC23229133A2900178F9E /* Folder.swift in Sources */ = {isa = PBXBuildFile; fileRef = 451AC23129133A2900178F9E /* Folder.swift */; };
		451AC23429133AF000178F9E /* User.swift in Sources */ = {isa = PBXBuildFile; fileRef = 451AC23329133AF000178F9E /* User.swift */; };
		457B67022914AE9500B88F0A /* DisplayViewController.swift in Sources */ = {isa = PBXBuildFile; fileRef = 457B67012914AE9500B88F0A /* DisplayViewController.swift */; };
		457B672829159A8C00B88F0A /* MyPageViewController.swift in Sources */ = {isa = PBXBuildFile; fileRef = 457B672729159A8C00B88F0A /* MyPageViewController.swift */; };
		457B672A29159AA100B88F0A /* DataViewController.swift in Sources */ = {isa = PBXBuildFile; fileRef = 457B672929159AA100B88F0A /* DataViewController.swift */; };
		458DBA942904C7D800E6C385 /* AppDelegate.swift in Sources */ = {isa = PBXBuildFile; fileRef = 458DBA932904C7D800E6C385 /* AppDelegate.swift */; };
		458DBA962904C7D800E6C385 /* SceneDelegate.swift in Sources */ = {isa = PBXBuildFile; fileRef = 458DBA952904C7D800E6C385 /* SceneDelegate.swift */; };
		458DBA982904C7D800E6C385 /* ViewController.swift in Sources */ = {isa = PBXBuildFile; fileRef = 458DBA972904C7D800E6C385 /* ViewController.swift */; };
		458DBA9B2904C7D800E6C385 /* Main.storyboard in Resources */ = {isa = PBXBuildFile; fileRef = 458DBA992904C7D800E6C385 /* Main.storyboard */; };
		458DBA9D2904C7DB00E6C385 /* Assets.xcassets in Resources */ = {isa = PBXBuildFile; fileRef = 458DBA9C2904C7DB00E6C385 /* Assets.xcassets */; };
		458DBAA02904C7DB00E6C385 /* LaunchScreen.storyboard in Resources */ = {isa = PBXBuildFile; fileRef = 458DBA9E2904C7DB00E6C385 /* LaunchScreen.storyboard */; };
		4593655C2913239E0085AA73 /* FolderViewController.swift in Sources */ = {isa = PBXBuildFile; fileRef = 4593655B2913239E0085AA73 /* FolderViewController.swift */; };
		4593655E291323B60085AA73 /* ProfileViewController.swift in Sources */ = {isa = PBXBuildFile; fileRef = 4593655D291323B60085AA73 /* ProfileViewController.swift */; };
		45936560291323C30085AA73 /* LoginViewController.swift in Sources */ = {isa = PBXBuildFile; fileRef = 4593655F291323C30085AA73 /* LoginViewController.swift */; };
		45936562291323D90085AA73 /* LibraryViewController.swift in Sources */ = {isa = PBXBuildFile; fileRef = 45936561291323D90085AA73 /* LibraryViewController.swift */; };
		45E122E5293A72E90052EC60 /* FolderTableViewCellWithoutImage.swift in Sources */ = {isa = PBXBuildFile; fileRef = 45E122E4293A72E90052EC60 /* FolderTableViewCellWithoutImage.swift */; };
		723229E62915ACD6004FD675 /* SignUpViewController.swift in Sources */ = {isa = PBXBuildFile; fileRef = 723229E52915ACD6004FD675 /* SignUpViewController.swift */; };
		723229E82915AE92004FD675 /* StartUpViewController.swift in Sources */ = {isa = PBXBuildFile; fileRef = 723229E72915AE92004FD675 /* StartUpViewController.swift */; };
		72CC4500293B3596005F4FEA /* SelectPhotoViewController.swift in Sources */ = {isa = PBXBuildFile; fileRef = 72CC44FF293B3596005F4FEA /* SelectPhotoViewController.swift */; };
		72CC4502293D6493005F4FEA /* EditPhotoViewController.swift in Sources */ = {isa = PBXBuildFile; fileRef = 72CC4501293D6493005F4FEA /* EditPhotoViewController.swift */; };
		DA1D958A29188306005D83B1 /* FolderTableViewCell.swift in Sources */ = {isa = PBXBuildFile; fileRef = DA1D958929188306005D83B1 /* FolderTableViewCell.swift */; };
		DA1D958C292160C5005D83B1 /* AddNewController.swift in Sources */ = {isa = PBXBuildFile; fileRef = DA1D958B292160C5005D83B1 /* AddNewController.swift */; };
/* End PBXBuildFile section */

/* Begin PBXFileReference section */
		1D0BBAC6293D43DD007A9CF1 /* EditFolderNameViewController.swift */ = {isa = PBXFileReference; lastKnownFileType = sourcecode.swift; path = EditFolderNameViewController.swift; sourceTree = "<group>"; };
		1D9AE7BA291C0BFC00134017 /* PopUpViewController.swift */ = {isa = PBXFileReference; lastKnownFileType = sourcecode.swift; path = PopUpViewController.swift; sourceTree = "<group>"; };
		1DA79FBD2915E36D00B9B6CC /* LibraryTableViewCell.swift */ = {isa = PBXFileReference; lastKnownFileType = sourcecode.swift; path = LibraryTableViewCell.swift; sourceTree = "<group>"; };
		1DA79FBF2915E3D700B9B6CC /* DisplayView.swift */ = {isa = PBXFileReference; fileEncoding = 4; lastKnownFileType = sourcecode.swift; path = DisplayView.swift; sourceTree = "<group>"; };
		1DA79FC12917F77700B9B6CC /* ReusableValues.swift */ = {isa = PBXFileReference; lastKnownFileType = sourcecode.swift; path = ReusableValues.swift; sourceTree = "<group>"; };
		2D647317293D3B3E003AA8F7 /* EditViewController.swift */ = {isa = PBXFileReference; lastKnownFileType = sourcecode.swift; path = EditViewController.swift; sourceTree = "<group>"; };
		2D647319293D4657003AA8F7 /* EditScribbleViewController.swift */ = {isa = PBXFileReference; lastKnownFileType = sourcecode.swift; path = EditScribbleViewController.swift; sourceTree = "<group>"; };
		2D7D748229392B1200597656 /* ScribbleViewController.swift */ = {isa = PBXFileReference; lastKnownFileType = sourcecode.swift; path = ScribbleViewController.swift; sourceTree = "<group>"; };
		451AC22D2913260E00178F9E /* CardEditViewController.swift */ = {isa = PBXFileReference; lastKnownFileType = sourcecode.swift; path = CardEditViewController.swift; sourceTree = "<group>"; };
		451AC22F291337C300178F9E /* FlashCard.swift */ = {isa = PBXFileReference; lastKnownFileType = sourcecode.swift; path = FlashCard.swift; sourceTree = "<group>"; };
		451AC23129133A2900178F9E /* Folder.swift */ = {isa = PBXFileReference; lastKnownFileType = sourcecode.swift; path = Folder.swift; sourceTree = "<group>"; };
		451AC23329133AF000178F9E /* User.swift */ = {isa = PBXFileReference; lastKnownFileType = sourcecode.swift; path = User.swift; sourceTree = "<group>"; };
		457B67012914AE9500B88F0A /* DisplayViewController.swift */ = {isa = PBXFileReference; lastKnownFileType = sourcecode.swift; path = DisplayViewController.swift; sourceTree = "<group>"; };
		457B672729159A8C00B88F0A /* MyPageViewController.swift */ = {isa = PBXFileReference; lastKnownFileType = sourcecode.swift; path = MyPageViewController.swift; sourceTree = "<group>"; };
		457B672929159AA100B88F0A /* DataViewController.swift */ = {isa = PBXFileReference; lastKnownFileType = sourcecode.swift; path = DataViewController.swift; sourceTree = "<group>"; };
		458DBA902904C7D700E6C385 /* Scribbly.app */ = {isa = PBXFileReference; explicitFileType = wrapper.application; includeInIndex = 0; path = Scribbly.app; sourceTree = BUILT_PRODUCTS_DIR; };
		458DBA932904C7D800E6C385 /* AppDelegate.swift */ = {isa = PBXFileReference; lastKnownFileType = sourcecode.swift; path = AppDelegate.swift; sourceTree = "<group>"; };
		458DBA952904C7D800E6C385 /* SceneDelegate.swift */ = {isa = PBXFileReference; lastKnownFileType = sourcecode.swift; path = SceneDelegate.swift; sourceTree = "<group>"; };
		458DBA972904C7D800E6C385 /* ViewController.swift */ = {isa = PBXFileReference; lastKnownFileType = sourcecode.swift; path = ViewController.swift; sourceTree = "<group>"; };
		458DBA9A2904C7D800E6C385 /* Base */ = {isa = PBXFileReference; lastKnownFileType = file.storyboard; name = Base; path = Base.lproj/Main.storyboard; sourceTree = "<group>"; };
		458DBA9C2904C7DB00E6C385 /* Assets.xcassets */ = {isa = PBXFileReference; lastKnownFileType = folder.assetcatalog; path = Assets.xcassets; sourceTree = "<group>"; };
		458DBA9F2904C7DB00E6C385 /* Base */ = {isa = PBXFileReference; lastKnownFileType = file.storyboard; name = Base; path = Base.lproj/LaunchScreen.storyboard; sourceTree = "<group>"; };
		458DBAA12904C7DB00E6C385 /* Info.plist */ = {isa = PBXFileReference; lastKnownFileType = text.plist.xml; path = Info.plist; sourceTree = "<group>"; };
		4593655B2913239E0085AA73 /* FolderViewController.swift */ = {isa = PBXFileReference; lastKnownFileType = sourcecode.swift; path = FolderViewController.swift; sourceTree = "<group>"; };
		4593655D291323B60085AA73 /* ProfileViewController.swift */ = {isa = PBXFileReference; lastKnownFileType = sourcecode.swift; path = ProfileViewController.swift; sourceTree = "<group>"; };
		4593655F291323C30085AA73 /* LoginViewController.swift */ = {isa = PBXFileReference; lastKnownFileType = sourcecode.swift; path = LoginViewController.swift; sourceTree = "<group>"; };
		45936561291323D90085AA73 /* LibraryViewController.swift */ = {isa = PBXFileReference; lastKnownFileType = sourcecode.swift; path = LibraryViewController.swift; sourceTree = "<group>"; };
		45E122E4293A72E90052EC60 /* FolderTableViewCellWithoutImage.swift */ = {isa = PBXFileReference; lastKnownFileType = sourcecode.swift; path = FolderTableViewCellWithoutImage.swift; sourceTree = "<group>"; };
		723229E52915ACD6004FD675 /* SignUpViewController.swift */ = {isa = PBXFileReference; lastKnownFileType = sourcecode.swift; path = SignUpViewController.swift; sourceTree = "<group>"; };
		723229E72915AE92004FD675 /* StartUpViewController.swift */ = {isa = PBXFileReference; lastKnownFileType = sourcecode.swift; path = StartUpViewController.swift; sourceTree = "<group>"; };
		72CC44FF293B3596005F4FEA /* SelectPhotoViewController.swift */ = {isa = PBXFileReference; lastKnownFileType = sourcecode.swift; path = SelectPhotoViewController.swift; sourceTree = "<group>"; };
		72CC4501293D6493005F4FEA /* EditPhotoViewController.swift */ = {isa = PBXFileReference; lastKnownFileType = sourcecode.swift; path = EditPhotoViewController.swift; sourceTree = "<group>"; };
		DA1D958929188306005D83B1 /* FolderTableViewCell.swift */ = {isa = PBXFileReference; lastKnownFileType = sourcecode.swift; path = FolderTableViewCell.swift; sourceTree = "<group>"; };
		DA1D958B292160C5005D83B1 /* AddNewController.swift */ = {isa = PBXFileReference; lastKnownFileType = sourcecode.swift; path = AddNewController.swift; sourceTree = "<group>"; };
/* End PBXFileReference section */

/* Begin PBXFrameworksBuildPhase section */
		458DBA8D2904C7D700E6C385 /* Frameworks */ = {
			isa = PBXFrameworksBuildPhase;
			buildActionMask = 2147483647;
			files = (
				1D9AE7B9291C0B4A00134017 /* EzPopup in Frameworks */,
			);
			runOnlyForDeploymentPostprocessing = 0;
		};
/* End PBXFrameworksBuildPhase section */

/* Begin PBXGroup section */
		458DBA872904C7D700E6C385 = {
			isa = PBXGroup;
			children = (
				458DBA922904C7D800E6C385 /* Scribbly */,
				458DBA912904C7D700E6C385 /* Products */,
			);
			sourceTree = "<group>";
		};
		458DBA912904C7D700E6C385 /* Products */ = {
			isa = PBXGroup;
			children = (
				458DBA902904C7D700E6C385 /* Scribbly.app */,
			);
			name = Products;
			sourceTree = "<group>";
		};
		458DBA922904C7D800E6C385 /* Scribbly */ = {
			isa = PBXGroup;
			children = (
				458DBA932904C7D800E6C385 /* AppDelegate.swift */,
				458DBA952904C7D800E6C385 /* SceneDelegate.swift */,
				458DBA972904C7D800E6C385 /* ViewController.swift */,
				DA1D958929188306005D83B1 /* FolderTableViewCell.swift */,
				458DBA992904C7D800E6C385 /* Main.storyboard */,
				72CC4501293D6493005F4FEA /* EditPhotoViewController.swift */,
				72CC44FF293B3596005F4FEA /* SelectPhotoViewController.swift */,
				45E122E4293A72E90052EC60 /* FolderTableViewCellWithoutImage.swift */,
				723229E72915AE92004FD675 /* StartUpViewController.swift */,
				457B672729159A8C00B88F0A /* MyPageViewController.swift */,
				457B672929159AA100B88F0A /* DataViewController.swift */,
				457B67012914AE9500B88F0A /* DisplayViewController.swift */,
				451AC22D2913260E00178F9E /* CardEditViewController.swift */,
				4593655B2913239E0085AA73 /* FolderViewController.swift */,
				DA1D958B292160C5005D83B1 /* AddNewController.swift */,
				2D647317293D3B3E003AA8F7 /* EditViewController.swift */,
				4593655D291323B60085AA73 /* ProfileViewController.swift */,
				4593655F291323C30085AA73 /* LoginViewController.swift */,
				723229E52915ACD6004FD675 /* SignUpViewController.swift */,
				45936561291323D90085AA73 /* LibraryViewController.swift */,
				1DA79FBD2915E36D00B9B6CC /* LibraryTableViewCell.swift */,
				451AC23129133A2900178F9E /* Folder.swift */,
				451AC23329133AF000178F9E /* User.swift */,
				451AC22F291337C300178F9E /* FlashCard.swift */,
				1DA79FC12917F77700B9B6CC /* ReusableValues.swift */,
				458DBA9C2904C7DB00E6C385 /* Assets.xcassets */,
				458DBA9E2904C7DB00E6C385 /* LaunchScreen.storyboard */,
				458DBAA12904C7DB00E6C385 /* Info.plist */,
				1DA79FBF2915E3D700B9B6CC /* DisplayView.swift */,
				1D9AE7BA291C0BFC00134017 /* PopUpViewController.swift */,
				1D0BBAC6293D43DD007A9CF1 /* EditFolderNameViewController.swift */,
				2D7D748229392B1200597656 /* ScribbleViewController.swift */,
				2D647319293D4657003AA8F7 /* EditScribbleViewController.swift */,
			);
			path = Scribbly;
			sourceTree = "<group>";
		};
/* End PBXGroup section */

/* Begin PBXNativeTarget section */
		458DBA8F2904C7D700E6C385 /* Scribbly */ = {
			isa = PBXNativeTarget;
			buildConfigurationList = 458DBAA42904C7DB00E6C385 /* Build configuration list for PBXNativeTarget "Scribbly" */;
			buildPhases = (
				458DBA8C2904C7D700E6C385 /* Sources */,
				458DBA8D2904C7D700E6C385 /* Frameworks */,
				458DBA8E2904C7D700E6C385 /* Resources */,
			);
			buildRules = (
			);
			dependencies = (
			);
			name = Scribbly;
			packageProductDependencies = (
				1D9AE7B8291C0B4A00134017 /* EzPopup */,
			);
			productName = Scribbly;
			productReference = 458DBA902904C7D700E6C385 /* Scribbly.app */;
			productType = "com.apple.product-type.application";
		};
/* End PBXNativeTarget section */

/* Begin PBXProject section */
		458DBA882904C7D700E6C385 /* Project object */ = {
			isa = PBXProject;
			attributes = {
				BuildIndependentTargetsInParallel = 1;
				LastSwiftUpdateCheck = 1340;
				LastUpgradeCheck = 1340;
				TargetAttributes = {
					458DBA8F2904C7D700E6C385 = {
						CreatedOnToolsVersion = 13.4.1;
					};
				};
			};
			buildConfigurationList = 458DBA8B2904C7D700E6C385 /* Build configuration list for PBXProject "Scribbly" */;
			compatibilityVersion = "Xcode 13.0";
			developmentRegion = en;
			hasScannedForEncodings = 0;
			knownRegions = (
				en,
				Base,
			);
			mainGroup = 458DBA872904C7D700E6C385;
			packageReferences = (
				1D9AE7B7291C0B4A00134017 /* XCRemoteSwiftPackageReference "EzPopup" */,
			);
			productRefGroup = 458DBA912904C7D700E6C385 /* Products */;
			projectDirPath = "";
			projectRoot = "";
			targets = (
				458DBA8F2904C7D700E6C385 /* Scribbly */,
			);
		};
/* End PBXProject section */

/* Begin PBXResourcesBuildPhase section */
		458DBA8E2904C7D700E6C385 /* Resources */ = {
			isa = PBXResourcesBuildPhase;
			buildActionMask = 2147483647;
			files = (
				458DBAA02904C7DB00E6C385 /* LaunchScreen.storyboard in Resources */,
				458DBA9D2904C7DB00E6C385 /* Assets.xcassets in Resources */,
				458DBA9B2904C7D800E6C385 /* Main.storyboard in Resources */,
			);
			runOnlyForDeploymentPostprocessing = 0;
		};
/* End PBXResourcesBuildPhase section */

/* Begin PBXSourcesBuildPhase section */
		458DBA8C2904C7D700E6C385 /* Sources */ = {
			isa = PBXSourcesBuildPhase;
			buildActionMask = 2147483647;
			files = (
				2D647318293D3B3E003AA8F7 /* EditViewController.swift in Sources */,
				45936560291323C30085AA73 /* LoginViewController.swift in Sources */,
				458DBA982904C7D800E6C385 /* ViewController.swift in Sources */,
				723229E82915AE92004FD675 /* StartUpViewController.swift in Sources */,
				451AC23229133A2900178F9E /* Folder.swift in Sources */,
				458DBA942904C7D800E6C385 /* AppDelegate.swift in Sources */,
				2D64731A293D4657003AA8F7 /* EditScribbleViewController.swift in Sources */,
				2D7D748329392B1200597656 /* ScribbleViewController.swift in Sources */,
				4593655E291323B60085AA73 /* ProfileViewController.swift in Sources */,
				DA1D958C292160C5005D83B1 /* AddNewController.swift in Sources */,
				1DA79FBE2915E36D00B9B6CC /* LibraryTableViewCell.swift in Sources */,
				72CC4502293D6493005F4FEA /* EditPhotoViewController.swift in Sources */,
				72CC4500293B3596005F4FEA /* SelectPhotoViewController.swift in Sources */,
				45936562291323D90085AA73 /* LibraryViewController.swift in Sources */,
				723229E62915ACD6004FD675 /* SignUpViewController.swift in Sources */,
				1DA79FC02915E3D700B9B6CC /* DisplayView.swift in Sources */,
				458DBA962904C7D800E6C385 /* SceneDelegate.swift in Sources */,
				DA1D958A29188306005D83B1 /* FolderTableViewCell.swift in Sources */,
				45E122E5293A72E90052EC60 /* FolderTableViewCellWithoutImage.swift in Sources */,
				457B672829159A8C00B88F0A /* MyPageViewController.swift in Sources */,
				457B672A29159AA100B88F0A /* DataViewController.swift in Sources */,
				1D0BBAC7293D43DD007A9CF1 /* EditFolderNameViewController.swift in Sources */,
				457B67022914AE9500B88F0A /* DisplayViewController.swift in Sources */,
				451AC22E2913260E00178F9E /* CardEditViewController.swift in Sources */,
				1D9AE7BB291C0BFC00134017 /* PopUpViewController.swift in Sources */,
				451AC230291337C300178F9E /* FlashCard.swift in Sources */,
				4593655C2913239E0085AA73 /* FolderViewController.swift in Sources */,
				1DA79FC22917F77700B9B6CC /* ReusableValues.swift in Sources */,
				451AC23429133AF000178F9E /* User.swift in Sources */,
			);
			runOnlyForDeploymentPostprocessing = 0;
		};
/* End PBXSourcesBuildPhase section */

/* Begin PBXVariantGroup section */
		458DBA992904C7D800E6C385 /* Main.storyboard */ = {
			isa = PBXVariantGroup;
			children = (
				458DBA9A2904C7D800E6C385 /* Base */,
			);
			name = Main.storyboard;
			sourceTree = "<group>";
		};
		458DBA9E2904C7DB00E6C385 /* LaunchScreen.storyboard */ = {
			isa = PBXVariantGroup;
			children = (
				458DBA9F2904C7DB00E6C385 /* Base */,
			);
			name = LaunchScreen.storyboard;
			sourceTree = "<group>";
		};
/* End PBXVariantGroup section */

/* Begin XCBuildConfiguration section */
		458DBAA22904C7DB00E6C385 /* Debug */ = {
			isa = XCBuildConfiguration;
			buildSettings = {
				ALWAYS_SEARCH_USER_PATHS = NO;
				CLANG_ANALYZER_NONNULL = YES;
				CLANG_ANALYZER_NUMBER_OBJECT_CONVERSION = YES_AGGRESSIVE;
				CLANG_CXX_LANGUAGE_STANDARD = "gnu++17";
				CLANG_ENABLE_MODULES = YES;
				CLANG_ENABLE_OBJC_ARC = YES;
				CLANG_ENABLE_OBJC_WEAK = YES;
				CLANG_WARN_BLOCK_CAPTURE_AUTORELEASING = YES;
				CLANG_WARN_BOOL_CONVERSION = YES;
				CLANG_WARN_COMMA = YES;
				CLANG_WARN_CONSTANT_CONVERSION = YES;
				CLANG_WARN_DEPRECATED_OBJC_IMPLEMENTATIONS = YES;
				CLANG_WARN_DIRECT_OBJC_ISA_USAGE = YES_ERROR;
				CLANG_WARN_DOCUMENTATION_COMMENTS = YES;
				CLANG_WARN_EMPTY_BODY = YES;
				CLANG_WARN_ENUM_CONVERSION = YES;
				CLANG_WARN_INFINITE_RECURSION = YES;
				CLANG_WARN_INT_CONVERSION = YES;
				CLANG_WARN_NON_LITERAL_NULL_CONVERSION = YES;
				CLANG_WARN_OBJC_IMPLICIT_RETAIN_SELF = YES;
				CLANG_WARN_OBJC_LITERAL_CONVERSION = YES;
				CLANG_WARN_OBJC_ROOT_CLASS = YES_ERROR;
				CLANG_WARN_QUOTED_INCLUDE_IN_FRAMEWORK_HEADER = YES;
				CLANG_WARN_RANGE_LOOP_ANALYSIS = YES;
				CLANG_WARN_STRICT_PROTOTYPES = YES;
				CLANG_WARN_SUSPICIOUS_MOVE = YES;
				CLANG_WARN_UNGUARDED_AVAILABILITY = YES_AGGRESSIVE;
				CLANG_WARN_UNREACHABLE_CODE = YES;
				CLANG_WARN__DUPLICATE_METHOD_MATCH = YES;
				COPY_PHASE_STRIP = NO;
				DEBUG_INFORMATION_FORMAT = dwarf;
				ENABLE_STRICT_OBJC_MSGSEND = YES;
				ENABLE_TESTABILITY = YES;
				GCC_C_LANGUAGE_STANDARD = gnu11;
				GCC_DYNAMIC_NO_PIC = NO;
				GCC_NO_COMMON_BLOCKS = YES;
				GCC_OPTIMIZATION_LEVEL = 0;
				GCC_PREPROCESSOR_DEFINITIONS = (
					"DEBUG=1",
					"$(inherited)",
				);
				GCC_WARN_64_TO_32_BIT_CONVERSION = YES;
				GCC_WARN_ABOUT_RETURN_TYPE = YES_ERROR;
				GCC_WARN_UNDECLARED_SELECTOR = YES;
				GCC_WARN_UNINITIALIZED_AUTOS = YES_AGGRESSIVE;
				GCC_WARN_UNUSED_FUNCTION = YES;
				GCC_WARN_UNUSED_VARIABLE = YES;
				IPHONEOS_DEPLOYMENT_TARGET = 15.5;
				MTL_ENABLE_DEBUG_INFO = INCLUDE_SOURCE;
				MTL_FAST_MATH = YES;
				ONLY_ACTIVE_ARCH = YES;
				SDKROOT = iphoneos;
				SWIFT_ACTIVE_COMPILATION_CONDITIONS = DEBUG;
				SWIFT_OPTIMIZATION_LEVEL = "-Onone";
			};
			name = Debug;
		};
		458DBAA32904C7DB00E6C385 /* Release */ = {
			isa = XCBuildConfiguration;
			buildSettings = {
				ALWAYS_SEARCH_USER_PATHS = NO;
				CLANG_ANALYZER_NONNULL = YES;
				CLANG_ANALYZER_NUMBER_OBJECT_CONVERSION = YES_AGGRESSIVE;
				CLANG_CXX_LANGUAGE_STANDARD = "gnu++17";
				CLANG_ENABLE_MODULES = YES;
				CLANG_ENABLE_OBJC_ARC = YES;
				CLANG_ENABLE_OBJC_WEAK = YES;
				CLANG_WARN_BLOCK_CAPTURE_AUTORELEASING = YES;
				CLANG_WARN_BOOL_CONVERSION = YES;
				CLANG_WARN_COMMA = YES;
				CLANG_WARN_CONSTANT_CONVERSION = YES;
				CLANG_WARN_DEPRECATED_OBJC_IMPLEMENTATIONS = YES;
				CLANG_WARN_DIRECT_OBJC_ISA_USAGE = YES_ERROR;
				CLANG_WARN_DOCUMENTATION_COMMENTS = YES;
				CLANG_WARN_EMPTY_BODY = YES;
				CLANG_WARN_ENUM_CONVERSION = YES;
				CLANG_WARN_INFINITE_RECURSION = YES;
				CLANG_WARN_INT_CONVERSION = YES;
				CLANG_WARN_NON_LITERAL_NULL_CONVERSION = YES;
				CLANG_WARN_OBJC_IMPLICIT_RETAIN_SELF = YES;
				CLANG_WARN_OBJC_LITERAL_CONVERSION = YES;
				CLANG_WARN_OBJC_ROOT_CLASS = YES_ERROR;
				CLANG_WARN_QUOTED_INCLUDE_IN_FRAMEWORK_HEADER = YES;
				CLANG_WARN_RANGE_LOOP_ANALYSIS = YES;
				CLANG_WARN_STRICT_PROTOTYPES = YES;
				CLANG_WARN_SUSPICIOUS_MOVE = YES;
				CLANG_WARN_UNGUARDED_AVAILABILITY = YES_AGGRESSIVE;
				CLANG_WARN_UNREACHABLE_CODE = YES;
				CLANG_WARN__DUPLICATE_METHOD_MATCH = YES;
				COPY_PHASE_STRIP = NO;
				DEBUG_INFORMATION_FORMAT = "dwarf-with-dsym";
				ENABLE_NS_ASSERTIONS = NO;
				ENABLE_STRICT_OBJC_MSGSEND = YES;
				GCC_C_LANGUAGE_STANDARD = gnu11;
				GCC_NO_COMMON_BLOCKS = YES;
				GCC_WARN_64_TO_32_BIT_CONVERSION = YES;
				GCC_WARN_ABOUT_RETURN_TYPE = YES_ERROR;
				GCC_WARN_UNDECLARED_SELECTOR = YES;
				GCC_WARN_UNINITIALIZED_AUTOS = YES_AGGRESSIVE;
				GCC_WARN_UNUSED_FUNCTION = YES;
				GCC_WARN_UNUSED_VARIABLE = YES;
				IPHONEOS_DEPLOYMENT_TARGET = 15.5;
				MTL_ENABLE_DEBUG_INFO = NO;
				MTL_FAST_MATH = YES;
				SDKROOT = iphoneos;
				SWIFT_COMPILATION_MODE = wholemodule;
				SWIFT_OPTIMIZATION_LEVEL = "-O";
				VALIDATE_PRODUCT = YES;
			};
			name = Release;
		};
		458DBAA52904C7DB00E6C385 /* Debug */ = {
			isa = XCBuildConfiguration;
			buildSettings = {
				ASSETCATALOG_COMPILER_APPICON_NAME = AppIcon;
				ASSETCATALOG_COMPILER_GLOBAL_ACCENT_COLOR_NAME = AccentColor;
				CODE_SIGN_STYLE = Automatic;
				CURRENT_PROJECT_VERSION = 1;
				DEVELOPMENT_TEAM = "";
				GENERATE_INFOPLIST_FILE = YES;
				INFOPLIST_FILE = Scribbly/Info.plist;
				INFOPLIST_KEY_UIApplicationSupportsIndirectInputEvents = YES;
				INFOPLIST_KEY_UILaunchStoryboardName = LaunchScreen;
				INFOPLIST_KEY_UIMainStoryboardFile = Main;
				INFOPLIST_KEY_UISupportedInterfaceOrientations_iPad = "UIInterfaceOrientationPortrait UIInterfaceOrientationPortraitUpsideDown UIInterfaceOrientationLandscapeLeft UIInterfaceOrientationLandscapeRight";
				INFOPLIST_KEY_UISupportedInterfaceOrientations_iPhone = "UIInterfaceOrientationPortrait UIInterfaceOrientationLandscapeLeft UIInterfaceOrientationLandscapeRight";
				LD_RUNPATH_SEARCH_PATHS = (
					"$(inherited)",
					"@executable_path/Frameworks",
				);
				MARKETING_VERSION = 1.0;
				PRODUCT_BUNDLE_IDENTIFIER = IDK.Scribbly;
				PRODUCT_NAME = "$(TARGET_NAME)";
				SWIFT_EMIT_LOC_STRINGS = YES;
				SWIFT_VERSION = 5.0;
				TARGETED_DEVICE_FAMILY = "1,2";
			};
			name = Debug;
		};
		458DBAA62904C7DB00E6C385 /* Release */ = {
			isa = XCBuildConfiguration;
			buildSettings = {
				ASSETCATALOG_COMPILER_APPICON_NAME = AppIcon;
				ASSETCATALOG_COMPILER_GLOBAL_ACCENT_COLOR_NAME = AccentColor;
				CODE_SIGN_STYLE = Automatic;
				CURRENT_PROJECT_VERSION = 1;
				DEVELOPMENT_TEAM = "";
				GENERATE_INFOPLIST_FILE = YES;
				INFOPLIST_FILE = Scribbly/Info.plist;
				INFOPLIST_KEY_UIApplicationSupportsIndirectInputEvents = YES;
				INFOPLIST_KEY_UILaunchStoryboardName = LaunchScreen;
				INFOPLIST_KEY_UIMainStoryboardFile = Main;
				INFOPLIST_KEY_UISupportedInterfaceOrientations_iPad = "UIInterfaceOrientationPortrait UIInterfaceOrientationPortraitUpsideDown UIInterfaceOrientationLandscapeLeft UIInterfaceOrientationLandscapeRight";
				INFOPLIST_KEY_UISupportedInterfaceOrientations_iPhone = "UIInterfaceOrientationPortrait UIInterfaceOrientationLandscapeLeft UIInterfaceOrientationLandscapeRight";
				LD_RUNPATH_SEARCH_PATHS = (
					"$(inherited)",
					"@executable_path/Frameworks",
				);
				MARKETING_VERSION = 1.0;
				PRODUCT_BUNDLE_IDENTIFIER = IDK.Scribbly;
				PRODUCT_NAME = "$(TARGET_NAME)";
				SWIFT_EMIT_LOC_STRINGS = YES;
				SWIFT_VERSION = 5.0;
				TARGETED_DEVICE_FAMILY = "1,2";
			};
			name = Release;
		};
/* End XCBuildConfiguration section */

/* Begin XCConfigurationList section */
		458DBA8B2904C7D700E6C385 /* Build configuration list for PBXProject "Scribbly" */ = {
			isa = XCConfigurationList;
			buildConfigurations = (
				458DBAA22904C7DB00E6C385 /* Debug */,
				458DBAA32904C7DB00E6C385 /* Release */,
			);
			defaultConfigurationIsVisible = 0;
			defaultConfigurationName = Release;
		};
		458DBAA42904C7DB00E6C385 /* Build configuration list for PBXNativeTarget "Scribbly" */ = {
			isa = XCConfigurationList;
			buildConfigurations = (
				458DBAA52904C7DB00E6C385 /* Debug */,
				458DBAA62904C7DB00E6C385 /* Release */,
			);
			defaultConfigurationIsVisible = 0;
			defaultConfigurationName = Release;
		};
/* End XCConfigurationList section */

/* Begin XCRemoteSwiftPackageReference section */
		1D9AE7B7291C0B4A00134017 /* XCRemoteSwiftPackageReference "EzPopup" */ = {
			isa = XCRemoteSwiftPackageReference;
			repositoryURL = "https://github.com/huynguyencong/EzPopup.git";
			requirement = {
				kind = upToNextMajorVersion;
				minimumVersion = 1.0.0;
			};
		};
/* End XCRemoteSwiftPackageReference section */

/* Begin XCSwiftPackageProductDependency section */
		1D9AE7B8291C0B4A00134017 /* EzPopup */ = {
			isa = XCSwiftPackageProductDependency;
			package = 1D9AE7B7291C0B4A00134017 /* XCRemoteSwiftPackageReference "EzPopup" */;
			productName = EzPopup;
		};
/* End XCSwiftPackageProductDependency section */
	};
	rootObject = 458DBA882904C7D700E6C385 /* Project object */;
}
